<?xml version="1.0" encoding="utf-8"?>
<Project ToolsVersion="4.0" xmlns="http://schemas.microsoft.com/developer/msbuild/2003">
  <ItemGroup>
    <Filter Include="Fichiers sources">
      <UniqueIdentifier>{4FC737F1-C7A5-4376-A066-2A32D752A2FF}</UniqueIdentifier>
      <Extensions>cpp;c;cc;cxx;c++;cppm;ixx;def;odl;idl;hpj;bat;asm;asmx</Extensions>
    </Filter>
    <Filter Include="gui">
      <UniqueIdentifier>{7c2a4182-20ba-46eb-b372-e23c5a219fd9}</UniqueIdentifier>
    </Filter>
    <Filter Include="renderObject">
      <UniqueIdentifier>{39a7b6e4-6bd3-452d-9113-bfa87c1d3933}</UniqueIdentifier>
    </Filter>
    <Filter Include="display">
      <UniqueIdentifier>{87455364-681d-4a73-8f11-f9fa378032f5}</UniqueIdentifier>
    </Filter>
    <Filter Include="scene">
      <UniqueIdentifier>{a9b2894a-42a8-47ab-a4df-4ee68828b7b0}</UniqueIdentifier>
    </Filter>
    <Filter Include="physicsEngine">
      <UniqueIdentifier>{c4967171-e203-4b56-82f4-bf0f2cd0e1a5}</UniqueIdentifier>
    </Filter>
  </ItemGroup>
  <ItemGroup>
    <ClCompile Include="titan.cpp">
      <Filter>Fichiers sources</Filter>
    </ClCompile>
    <ClCompile Include="display\display.cpp">
      <Filter>display</Filter>
    </ClCompile>
    <ClCompile Include="gui\imgui\imgui.cpp">
      <Filter>gui</Filter>
    </ClCompile>
    <ClCompile Include="gui\imgui\imgui_demo.cpp">
      <Filter>gui</Filter>
    </ClCompile>
    <ClCompile Include="gui\imgui\imgui_draw.cpp">
      <Filter>gui</Filter>
    </ClCompile>
    <ClCompile Include="gui\imgui\imgui_tables.cpp">
      <Filter>gui</Filter>
    </ClCompile>
    <ClCompile Include="gui\imgui\imgui_widgets.cpp">
      <Filter>gui</Filter>
    </ClCompile>
    <ClCompile Include="gui\imgui\imgui_impl_glfw.cpp">
      <Filter>gui</Filter>
    </ClCompile>
    <ClCompile Include="gui\imgui\imgui_impl_opengl3.cpp">
      <Filter>gui</Filter>
    </ClCompile>
    <ClCompile Include="physicsEngine\qu3e\broadphase\q3BroadPhase.cpp">
      <Filter>physicsEngine</Filter>
    </ClCompile>
    <ClCompile Include="physicsEngine\qu3e\broadphase\q3DynamicAABBTree.cpp">
      <Filter>physicsEngine</Filter>
    </ClCompile>
    <ClCompile Include="physicsEngine\qu3e\collision\q3Box.cpp">
      <Filter>physicsEngine</Filter>
    </ClCompile>
    <ClCompile Include="physicsEngine\qu3e\collision\q3Collide.cpp">
      <Filter>physicsEngine</Filter>
    </ClCompile>
    <ClCompile Include="physicsEngine\qu3e\common\q3Geometry.cpp">
      <Filter>physicsEngine</Filter>
    </ClCompile>
    <ClCompile Include="physicsEngine\qu3e\common\q3Memory.cpp">
      <Filter>physicsEngine</Filter>
    </ClCompile>
    <ClCompile Include="physicsEngine\qu3e\dynamics\q3Body.cpp">
      <Filter>physicsEngine</Filter>
    </ClCompile>
    <ClCompile Include="physicsEngine\qu3e\dynamics\q3Contact.cpp">
      <Filter>physicsEngine</Filter>
    </ClCompile>
    <ClCompile Include="physicsEngine\qu3e\dynamics\q3ContactManager.cpp">
      <Filter>physicsEngine</Filter>
    </ClCompile>
    <ClCompile Include="physicsEngine\qu3e\dynamics\q3ContactSolver.cpp">
      <Filter>physicsEngine</Filter>
    </ClCompile>
    <ClCompile Include="physicsEngine\qu3e\dynamics\q3Island.cpp">
      <Filter>physicsEngine</Filter>
    </ClCompile>
    <ClCompile Include="physicsEngine\qu3e\math\q3Mat3.cpp">
      <Filter>physicsEngine</Filter>
    </ClCompile>
    <ClCompile Include="physicsEngine\qu3e\math\q3Quaternion.cpp">
      <Filter>physicsEngine</Filter>
    </ClCompile>
    <ClCompile Include="physicsEngine\qu3e\math\q3Vec3.cpp">
      <Filter>physicsEngine</Filter>
    </ClCompile>
    <ClCompile Include="physicsEngine\qu3e\scene\q3Scene.cpp">
      <Filter>physicsEngine</Filter>
    </ClCompile>
  </ItemGroup>
  <ItemGroup>
    <ClInclude Include="renderObject\renderObject.h">
      <Filter>renderObject</Filter>
    </ClInclude>
    <ClInclude Include="renderObjectScene\renderObjectScene.h">
      <Filter>renderObject</Filter>
    </ClInclude>
    <ClInclude Include="modelLoaders\objLoader\objLoader.h">
      <Filter>renderObject</Filter>
    </ClInclude>
    <ClInclude Include="prefab\cube\cube.h">
      <Filter>renderObject</Filter>
    </ClInclude>
    <ClInclude Include="prefab\plane\plane.h">
      <Filter>renderObject</Filter>
    </ClInclude>
    <ClInclude Include="shader\shader.h">
      <Filter>renderObject</Filter>
    </ClInclude>
    <ClInclude Include="stb_image\stb_image.h">
      <Filter>renderObject</Filter>
    </ClInclude>
    <ClInclude Include="display\display.h">
      <Filter>display</Filter>
    </ClInclude>
    <ClInclude Include="texturePool\texturePool.h">
      <Filter>display</Filter>
    </ClInclude>
    <ClInclude Include="version\version.h">
      <Filter>display</Filter>
    </ClInclude>
    <ClInclude Include="scene\scene.h">
      <Filter>scene</Filter>
    </ClInclude>
    <ClInclude Include="light\light.h">
      <Filter>scene</Filter>
    </ClInclude>
    <ClInclude Include="cameraFPS\cameraFPS.h">
      <Filter>scene</Filter>
    </ClInclude>
    <ClInclude Include="camera\camera.h">
      <Filter>scene</Filter>
    </ClInclude>
    <ClInclude Include="gui\imgui\imconfig.h">
      <Filter>gui</Filter>
    </ClInclude>
    <ClInclude Include="gui\imgui\imgui.h">
      <Filter>gui</Filter>
    </ClInclude>
    <ClInclude Include="gui\imgui\imgui_internal.h">
      <Filter>gui</Filter>
    </ClInclude>
    <ClInclude Include="gui\imgui\imstb_rectpack.h">
      <Filter>gui</Filter>
    </ClInclude>
    <ClInclude Include="gui\imgui\imstb_textedit.h">
      <Filter>gui</Filter>
    </ClInclude>
    <ClInclude Include="gui\imgui\imstb_truetype.h">
      <Filter>gui</Filter>
    </ClInclude>
    <ClInclude Include="gui\imgui\imgui_impl_glfw.h">
      <Filter>gui</Filter>
    </ClInclude>
    <ClInclude Include="gui\imgui\imgui_impl_opengl3.h">
      <Filter>gui</Filter>
    </ClInclude>
    <ClInclude Include="gui\gui.h">
      <Filter>gui</Filter>
    </ClInclude>
    <ClInclude Include="physicsEngine\qu3e\broadphase\q3BroadPhase.h">
      <Filter>physicsEngine</Filter>
    </ClInclude>
    <ClInclude Include="physicsEngine\qu3e\broadphase\q3DynamicAABBTree.h">
      <Filter>physicsEngine</Filter>
    </ClInclude>
    <ClInclude Include="physicsEngine\qu3e\collision\q3Box.h">
      <Filter>physicsEngine</Filter>
    </ClInclude>
    <ClInclude Include="physicsEngine\qu3e\collision\q3Collide.h">
      <Filter>physicsEngine</Filter>
    </ClInclude>
    <ClInclude Include="physicsEngine\qu3e\common\q3Geometry.h">
      <Filter>physicsEngine</Filter>
    </ClInclude>
    <ClInclude Include="physicsEngine\qu3e\common\q3Memory.h">
      <Filter>physicsEngine</Filter>
    </ClInclude>
    <ClInclude Include="physicsEngine\qu3e\common\q3Settings.h">
      <Filter>physicsEngine</Filter>
    </ClInclude>
    <ClInclude Include="physicsEngine\qu3e\common\q3Types.h">
      <Filter>physicsEngine</Filter>
    </ClInclude>
    <ClInclude Include="physicsEngine\qu3e\debug\q3Render.h">
      <Filter>physicsEngine</Filter>
    </ClInclude>
    <ClInclude Include="physicsEngine\qu3e\dynamics\q3Body.h">
      <Filter>physicsEngine</Filter>
    </ClInclude>
    <ClInclude Include="physicsEngine\qu3e\dynamics\q3Contact.h">
      <Filter>physicsEngine</Filter>
    </ClInclude>
    <ClInclude Include="physicsEngine\qu3e\dynamics\q3ContactManager.h">
      <Filter>physicsEngine</Filter>
    </ClInclude>
    <ClInclude Include="physicsEngine\qu3e\dynamics\q3ContactSolver.h">
      <Filter>physicsEngine</Filter>
    </ClInclude>
    <ClInclude Include="physicsEngine\qu3e\dynamics\q3Island.h">
      <Filter>physicsEngine</Filter>
    </ClInclude>
    <ClInclude Include="physicsEngine\qu3e\math\q3Mat3.h">
      <Filter>physicsEngine</Filter>
    </ClInclude>
    <ClInclude Include="physicsEngine\qu3e\math\q3Math.h">
      <Filter>physicsEngine</Filter>
    </ClInclude>
    <ClInclude Include="physicsEngine\qu3e\math\q3Quaternion.h">
      <Filter>physicsEngine</Filter>
    </ClInclude>
    <ClInclude Include="physicsEngine\qu3e\math\q3Transform.h">
      <Filter>physicsEngine</Filter>
    </ClInclude>
    <ClInclude Include="physicsEngine\qu3e\math\q3Vec3.h">
      <Filter>physicsEngine</Filter>
    </ClInclude>
    <ClInclude Include="physicsEngine\qu3e\q3.h">
      <Filter>physicsEngine</Filter>
    </ClInclude>
    <ClInclude Include="physicsEngine\qu3e\scene\q3Scene.h">
      <Filter>physicsEngine</Filter>
    </ClInclude>
    <ClInclude Include="physicsEngine\physicsEngine.h">
      <Filter>physicsEngine</Filter>
    </ClInclude>
    <ClInclude Include="cameraEngine\cameraEngine.h">
      <Filter>scene</Filter>
    </ClInclude>
  </ItemGroup>
  <ItemGroup>
    <None Include="physicsEngine\qu3e\broadphase\q3DynamicAABBTree.inl">
      <Filter>physicsEngine</Filter>
    </None>
    <None Include="physicsEngine\qu3e\collision\q3Box.inl">
      <Filter>physicsEngine</Filter>
    </None>
    <None Include="physicsEngine\qu3e\common\q3Geometry.inl">
      <Filter>physicsEngine</Filter>
    </None>
    <None Include="physicsEngine\qu3e\math\q3Mat3.inl">
      <Filter>physicsEngine</Filter>
    </None>
    <None Include="physicsEngine\qu3e\math\q3Math.inl">
      <Filter>physicsEngine</Filter>
    </None>
    <None Include="physicsEngine\qu3e\math\q3Transform.inl">
      <Filter>physicsEngine</Filter>
    </None>
    <None Include="physicsEngine\qu3e\math\q3Vec3.inl">
      <Filter>physicsEngine</Filter>
    </None>
  </ItemGroup>
</Project>